
Microsoft Visual Studio Solution File, Format Version 12.00
# Visual Studio 15
VisualStudioVersion = 15.0.28307.572
MinimumVisualStudioVersion = 10.0.40219.1
Project("{FAE04EC0-301F-11D3-BF4B-00C04F79EFBC}") = "Repository", "Repository\Repository.csproj", "{CBFDAD84-B8E1-4116-AF2E-63E159260903}"
EndProject
Project("{FAE04EC0-301F-11D3-BF4B-00C04F79EFBC}") = "QLThucTap_INFOdation.BusinessLogic", "QLThucTap_INFOdation.BusinessLogic\QLThucTap_INFOdation.BusinessLogic.csproj", "{D10F8F5C-9A13-4B78-AF34-9A9456CDC92F}"
EndProject
Project("{FAE04EC0-301F-11D3-BF4B-00C04F79EFBC}") = "QLThucTap_INFOdation.App", "QLThucTap_INFOdation.App\QLThucTap_INFOdation.App.csproj", "{A230CCF4-3921-4A34-A524-2204A7D922A5}"
EndProject
Project("{FAE04EC0-301F-11D3-BF4B-00C04F79EFBC}") = "QLThucTap_INFOdation_API_Call_Mobile", "QLThucTap_INFOdation_API_Call_Mobile\QLThucTap_INFOdation_API_Call_Mobile.csproj", "{5D2185DF-F6F6-4789-A7FD-DD06D1937177}"
EndProject
Global
	GlobalSection(SolutionConfigurationPlatforms) = preSolution
		Debug|Any CPU = Debug|Any CPU
		Release|Any CPU = Release|Any CPU
	EndGlobalSection
	GlobalSection(ProjectConfigurationPlatforms) = postSolution
		{CBFDAD84-B8E1-4116-AF2E-63E159260903}.Debug|Any CPU.ActiveCfg = Debug|Any CPU
		{CBFDAD84-B8E1-4116-AF2E-63E159260903}.Debug|Any CPU.Build.0 = Debug|Any CPU
		{CBFDAD84-B8E1-4116-AF2E-63E159260903}.Release|Any CPU.ActiveCfg = Release|Any CPU
		{CBFDAD84-B8E1-4116-AF2E-63E159260903}.Release|Any CPU.Build.0 = Release|Any CPU
		{D10F8F5C-9A13-4B78-AF34-9A9456CDC92F}.Debug|Any CPU.ActiveCfg = Debug|Any CPU
		{D10F8F5C-9A13-4B78-AF34-9A9456CDC92F}.Debug|Any CPU.Build.0 = Debug|Any CPU
		{D10F8F5C-9A13-4B78-AF34-9A9456CDC92F}.Release|Any CPU.ActiveCfg = Release|Any CPU
		{D10F8F5C-9A13-4B78-AF34-9A9456CDC92F}.Release|Any CPU.Build.0 = Release|Any CPU
		{A230CCF4-3921-4A34-A524-2204A7D922A5}.Debug|Any CPU.ActiveCfg = Debug|Any CPU
		{A230CCF4-3921-4A34-A524-2204A7D922A5}.Debug|Any CPU.Build.0 = Debug|Any CPU
		{A230CCF4-3921-4A34-A524-2204A7D922A5}.Release|Any CPU.ActiveCfg = Release|Any CPU
		{A230CCF4-3921-4A34-A524-2204A7D922A5}.Release|Any CPU.Build.0 = Release|Any CPU
		{5D2185DF-F6F6-4789-A7FD-DD06D1937177}.Debug|Any CPU.ActiveCfg = Debug|Any CPU
		{5D2185DF-F6F6-4789-A7FD-DD06D1937177}.Debug|Any CPU.Build.0 = Debug|Any CPU
		{5D2185DF-F6F6-4789-A7FD-DD06D1937177}.Release|Any CPU.ActiveCfg = Release|Any CPU
		{5D2185DF-F6F6-4789-A7FD-DD06D1937177}.Release|Any CPU.Build.0 = Release|Any CPU
	EndGlobalSection
	GlobalSection(SolutionProperties) = preSolution
		HideSolutionNode = FALSE
	EndGlobalSection
	GlobalSection(ExtensibilityGlobals) = postSolution
		SolutionGuid = {BE25AC6F-D096-4A15-9C77-AFFCCE69A81E}
	EndGlobalSection
EndGlobal
