
Microsoft Visual Studio Solution File, Format Version 12.00
# Visual Studio 15
VisualStudioVersion = 15.0.28307.168
MinimumVisualStudioVersion = 10.0.40219.1
Project("{9A19103F-16F7-4668-BE54-9A1E7A4F7556}") = "Wms.Admin.Api", "Wms.Admin.Api\Wms.Admin.Api.csproj", "{4F16A962-E5ED-48DD-885D-1A8332C0BA5C}"
EndProject
Project("{9A19103F-16F7-4668-BE54-9A1E7A4F7556}") = "DomainModel", "DomainModel\DomainModel.csproj", "{D36FEFE0-4198-4E96-93FB-9BCE0BC037BA}"
EndProject
Project("{9A19103F-16F7-4668-BE54-9A1E7A4F7556}") = "Service", "Service\Service.csproj", "{A97BE365-39B5-4633-9144-AE37DA8BB0C2}"
EndProject
Project("{9A19103F-16F7-4668-BE54-9A1E7A4F7556}") = "Entities", "Entities\Entities.csproj", "{2F5736CB-0D1C-4942-A3B8-676C3E35D6BA}"
EndProject
Project("{9A19103F-16F7-4668-BE54-9A1E7A4F7556}") = "Common", "Common\Common.csproj", "{C85DE56D-A265-4798-BE17-4EB492C562F6}"
EndProject
Project("{9A19103F-16F7-4668-BE54-9A1E7A4F7556}") = "Wms.Admin.Core", "Wms.Admin.Core\Wms.Admin.Core.csproj", "{97A1F0CA-6839-4551-BC7F-110DEA23BD23}"
EndProject
Global
	GlobalSection(SolutionConfigurationPlatforms) = preSolution
		Debug|Any CPU = Debug|Any CPU
		Release|Any CPU = Release|Any CPU
	EndGlobalSection
	GlobalSection(ProjectConfigurationPlatforms) = postSolution
		{4F16A962-E5ED-48DD-885D-1A8332C0BA5C}.Debug|Any CPU.ActiveCfg = Debug|Any CPU
		{4F16A962-E5ED-48DD-885D-1A8332C0BA5C}.Debug|Any CPU.Build.0 = Debug|Any CPU
		{4F16A962-E5ED-48DD-885D-1A8332C0BA5C}.Release|Any CPU.ActiveCfg = Release|Any CPU
		{4F16A962-E5ED-48DD-885D-1A8332C0BA5C}.Release|Any CPU.Build.0 = Release|Any CPU
		{D36FEFE0-4198-4E96-93FB-9BCE0BC037BA}.Debug|Any CPU.ActiveCfg = Debug|Any CPU
		{D36FEFE0-4198-4E96-93FB-9BCE0BC037BA}.Debug|Any CPU.Build.0 = Debug|Any CPU
		{D36FEFE0-4198-4E96-93FB-9BCE0BC037BA}.Release|Any CPU.ActiveCfg = Release|Any CPU
		{D36FEFE0-4198-4E96-93FB-9BCE0BC037BA}.Release|Any CPU.Build.0 = Release|Any CPU
		{A97BE365-39B5-4633-9144-AE37DA8BB0C2}.Debug|Any CPU.ActiveCfg = Debug|Any CPU
		{A97BE365-39B5-4633-9144-AE37DA8BB0C2}.Debug|Any CPU.Build.0 = Debug|Any CPU
		{A97BE365-39B5-4633-9144-AE37DA8BB0C2}.Release|Any CPU.ActiveCfg = Release|Any CPU
		{A97BE365-39B5-4633-9144-AE37DA8BB0C2}.Release|Any CPU.Build.0 = Release|Any CPU
		{2F5736CB-0D1C-4942-A3B8-676C3E35D6BA}.Debug|Any CPU.ActiveCfg = Debug|Any CPU
		{2F5736CB-0D1C-4942-A3B8-676C3E35D6BA}.Debug|Any CPU.Build.0 = Debug|Any CPU
		{2F5736CB-0D1C-4942-A3B8-676C3E35D6BA}.Release|Any CPU.ActiveCfg = Release|Any CPU
		{2F5736CB-0D1C-4942-A3B8-676C3E35D6BA}.Release|Any CPU.Build.0 = Release|Any CPU
		{C85DE56D-A265-4798-BE17-4EB492C562F6}.Debug|Any CPU.ActiveCfg = Debug|Any CPU
		{C85DE56D-A265-4798-BE17-4EB492C562F6}.Debug|Any CPU.Build.0 = Debug|Any CPU
		{C85DE56D-A265-4798-BE17-4EB492C562F6}.Release|Any CPU.ActiveCfg = Release|Any CPU
		{C85DE56D-A265-4798-BE17-4EB492C562F6}.Release|Any CPU.Build.0 = Release|Any CPU
		{97A1F0CA-6839-4551-BC7F-110DEA23BD23}.Debug|Any CPU.ActiveCfg = Debug|Any CPU
		{97A1F0CA-6839-4551-BC7F-110DEA23BD23}.Debug|Any CPU.Build.0 = Debug|Any CPU
		{97A1F0CA-6839-4551-BC7F-110DEA23BD23}.Release|Any CPU.ActiveCfg = Release|Any CPU
		{97A1F0CA-6839-4551-BC7F-110DEA23BD23}.Release|Any CPU.Build.0 = Release|Any CPU
	EndGlobalSection
	GlobalSection(SolutionProperties) = preSolution
		HideSolutionNode = FALSE
	EndGlobalSection
	GlobalSection(ExtensibilityGlobals) = postSolution
		SolutionGuid = {4C047F68-3A39-4423-91B5-985946C230E8}
	EndGlobalSection
EndGlobal
