
Microsoft Visual Studio Solution File, Format Version 12.00
# Visual Studio Version 16
VisualStudioVersion = 16.0.30717.126
MinimumVisualStudioVersion = 10.0.40219.1
Project("{FAE04EC0-301F-11D3-BF4B-00C04F79EFBC}") = "QuestionBankDB", "QuestionBankDB\QuestionBankDB.csproj", "{B5087AA7-1412-4EEF-A7B2-529C3AE57681}"
EndProject
Global
	GlobalSection(SolutionConfigurationPlatforms) = preSolution
		Debug|Any CPU = Debug|Any CPU
		Release|Any CPU = Release|Any CPU
	EndGlobalSection
	GlobalSection(ProjectConfigurationPlatforms) = postSolution
		{B5087AA7-1412-4EEF-A7B2-529C3AE57681}.Debug|Any CPU.ActiveCfg = Debug|Any CPU
		{B5087AA7-1412-4EEF-A7B2-529C3AE57681}.Debug|Any CPU.Build.0 = Debug|Any CPU
		{B5087AA7-1412-4EEF-A7B2-529C3AE57681}.Release|Any CPU.ActiveCfg = Release|Any CPU
		{B5087AA7-1412-4EEF-A7B2-529C3AE57681}.Release|Any CPU.Build.0 = Release|Any CPU
	EndGlobalSection
	GlobalSection(SolutionProperties) = preSolution
		HideSolutionNode = FALSE
	EndGlobalSection
	GlobalSection(ExtensibilityGlobals) = postSolution
		SolutionGuid = {AEA22863-ACB4-4B33-B740-32F7B7011C06}
	EndGlobalSection
EndGlobal
