
Microsoft Visual Studio Solution File, Format Version 12.00
# Visual Studio 15
VisualStudioVersion = 15.0.27428.1
MinimumVisualStudioVersion = 10.0.40219.1
Project("{2150E333-8FDC-42A3-9474-1A3956D46DE8}") = "Core", "Core", "{12C2351F-A104-4612-A312-B1FD17030DD4}"
EndProject
Project("{2150E333-8FDC-42A3-9474-1A3956D46DE8}") = "Job", "Job", "{FD5188D4-4E81-420B-872A-4C534F49A94C}"
EndProject
Project("{9A19103F-16F7-4668-BE54-9A1E7A4F7556}") = "UpdateCoconPayment", "Job\UpdateCoconPayment\UpdateCoconPayment.csproj", "{D9BCAC2E-642C-4695-B300-1EED9BBABECE}"
EndProject
Project("{9A19103F-16F7-4668-BE54-9A1E7A4F7556}") = "CifwCocon.Service", "..\CifwCocon.Common\CifwCocon.Service\CifwCocon.Service.csproj", "{74D28B26-B6D7-47E7-8F45-912CACB201BB}"
EndProject
Project("{2150E333-8FDC-42A3-9474-1A3956D46DE8}") = "Model", "Model", "{B5C0F3A1-98BA-43D0-9350-3EF2BAB57926}"
EndProject
Project("{9A19103F-16F7-4668-BE54-9A1E7A4F7556}") = "CifwCocon.NetworkInformation.Bo", "..\CifwCocon.Common\CifwCocon.NetworkInformation.Bo\CifwCocon.NetworkInformation.Bo.csproj", "{58C78DE2-BA93-48B3-AF8B-86F609F9C616}"
EndProject
Project("{2150E333-8FDC-42A3-9474-1A3956D46DE8}") = "Data", "Data", "{7DD32C6A-6A3E-4E23-A170-409111FA1D7A}"
EndProject
Project("{9A19103F-16F7-4668-BE54-9A1E7A4F7556}") = "CifwCocon.Entities", "..\CifwCocon.Common\CifwCocon.Dal\CifwCocon.Entities.csproj", "{7A055FC0-44D1-4BB4-83F7-306D460B23FD}"
EndProject
Project("{9A19103F-16F7-4668-BE54-9A1E7A4F7556}") = "CifwCocon.Repositories", "..\CifwCocon.Common\CifwCocon.Repositories\CifwCocon.Repositories.csproj", "{67CEAA25-D238-4C60-83CB-9ED27F4776A2}"
EndProject
Project("{2150E333-8FDC-42A3-9474-1A3956D46DE8}") = "Biz", "Biz", "{66CF898D-7D53-4BE3-A52D-8413F17C7478}"
EndProject
Project("{9A19103F-16F7-4668-BE54-9A1E7A4F7556}") = "Payment.Biz", "Biz\CoconAddress\Payment.Biz.csproj", "{6DFDB2E5-F0B3-4D80-92C3-9927CB1CB8E1}"
EndProject
Project("{9A19103F-16F7-4668-BE54-9A1E7A4F7556}") = "CifwCocon.Utility", "..\CifwCocon.Common\CifwCocon.Utility\CifwCocon.Utility.csproj", "{88B942E5-3E82-487E-AB71-08C9FCD0A570}"
EndProject
Global
	GlobalSection(SolutionConfigurationPlatforms) = preSolution
		Debug|Any CPU = Debug|Any CPU
		Qc|Any CPU = Qc|Any CPU
		Release|Any CPU = Release|Any CPU
	EndGlobalSection
	GlobalSection(ProjectConfigurationPlatforms) = postSolution
		{D9BCAC2E-642C-4695-B300-1EED9BBABECE}.Debug|Any CPU.ActiveCfg = Debug|Any CPU
		{D9BCAC2E-642C-4695-B300-1EED9BBABECE}.Debug|Any CPU.Build.0 = Debug|Any CPU
		{D9BCAC2E-642C-4695-B300-1EED9BBABECE}.Qc|Any CPU.ActiveCfg = Qc|Any CPU
		{D9BCAC2E-642C-4695-B300-1EED9BBABECE}.Qc|Any CPU.Build.0 = Qc|Any CPU
		{D9BCAC2E-642C-4695-B300-1EED9BBABECE}.Release|Any CPU.ActiveCfg = Release|Any CPU
		{D9BCAC2E-642C-4695-B300-1EED9BBABECE}.Release|Any CPU.Build.0 = Release|Any CPU
		{74D28B26-B6D7-47E7-8F45-912CACB201BB}.Debug|Any CPU.ActiveCfg = Debug|Any CPU
		{74D28B26-B6D7-47E7-8F45-912CACB201BB}.Debug|Any CPU.Build.0 = Debug|Any CPU
		{74D28B26-B6D7-47E7-8F45-912CACB201BB}.Qc|Any CPU.ActiveCfg = Qc|Any CPU
		{74D28B26-B6D7-47E7-8F45-912CACB201BB}.Qc|Any CPU.Build.0 = Qc|Any CPU
		{74D28B26-B6D7-47E7-8F45-912CACB201BB}.Release|Any CPU.ActiveCfg = Release|Any CPU
		{74D28B26-B6D7-47E7-8F45-912CACB201BB}.Release|Any CPU.Build.0 = Release|Any CPU
		{58C78DE2-BA93-48B3-AF8B-86F609F9C616}.Debug|Any CPU.ActiveCfg = Debug|Any CPU
		{58C78DE2-BA93-48B3-AF8B-86F609F9C616}.Debug|Any CPU.Build.0 = Debug|Any CPU
		{58C78DE2-BA93-48B3-AF8B-86F609F9C616}.Qc|Any CPU.ActiveCfg = Qc|Any CPU
		{58C78DE2-BA93-48B3-AF8B-86F609F9C616}.Qc|Any CPU.Build.0 = Qc|Any CPU
		{58C78DE2-BA93-48B3-AF8B-86F609F9C616}.Release|Any CPU.ActiveCfg = Release|Any CPU
		{58C78DE2-BA93-48B3-AF8B-86F609F9C616}.Release|Any CPU.Build.0 = Release|Any CPU
		{7A055FC0-44D1-4BB4-83F7-306D460B23FD}.Debug|Any CPU.ActiveCfg = Debug|Any CPU
		{7A055FC0-44D1-4BB4-83F7-306D460B23FD}.Debug|Any CPU.Build.0 = Debug|Any CPU
		{7A055FC0-44D1-4BB4-83F7-306D460B23FD}.Qc|Any CPU.ActiveCfg = Qc|Any CPU
		{7A055FC0-44D1-4BB4-83F7-306D460B23FD}.Qc|Any CPU.Build.0 = Qc|Any CPU
		{7A055FC0-44D1-4BB4-83F7-306D460B23FD}.Release|Any CPU.ActiveCfg = Release|Any CPU
		{7A055FC0-44D1-4BB4-83F7-306D460B23FD}.Release|Any CPU.Build.0 = Release|Any CPU
		{67CEAA25-D238-4C60-83CB-9ED27F4776A2}.Debug|Any CPU.ActiveCfg = Debug|Any CPU
		{67CEAA25-D238-4C60-83CB-9ED27F4776A2}.Debug|Any CPU.Build.0 = Debug|Any CPU
		{67CEAA25-D238-4C60-83CB-9ED27F4776A2}.Qc|Any CPU.ActiveCfg = Qc|Any CPU
		{67CEAA25-D238-4C60-83CB-9ED27F4776A2}.Qc|Any CPU.Build.0 = Qc|Any CPU
		{67CEAA25-D238-4C60-83CB-9ED27F4776A2}.Release|Any CPU.ActiveCfg = Release|Any CPU
		{67CEAA25-D238-4C60-83CB-9ED27F4776A2}.Release|Any CPU.Build.0 = Release|Any CPU
		{6DFDB2E5-F0B3-4D80-92C3-9927CB1CB8E1}.Debug|Any CPU.ActiveCfg = Debug|Any CPU
		{6DFDB2E5-F0B3-4D80-92C3-9927CB1CB8E1}.Debug|Any CPU.Build.0 = Debug|Any CPU
		{6DFDB2E5-F0B3-4D80-92C3-9927CB1CB8E1}.Qc|Any CPU.ActiveCfg = Qc|Any CPU
		{6DFDB2E5-F0B3-4D80-92C3-9927CB1CB8E1}.Qc|Any CPU.Build.0 = Qc|Any CPU
		{6DFDB2E5-F0B3-4D80-92C3-9927CB1CB8E1}.Release|Any CPU.ActiveCfg = Release|Any CPU
		{6DFDB2E5-F0B3-4D80-92C3-9927CB1CB8E1}.Release|Any CPU.Build.0 = Release|Any CPU
		{88B942E5-3E82-487E-AB71-08C9FCD0A570}.Debug|Any CPU.ActiveCfg = Debug|Any CPU
		{88B942E5-3E82-487E-AB71-08C9FCD0A570}.Debug|Any CPU.Build.0 = Debug|Any CPU
		{88B942E5-3E82-487E-AB71-08C9FCD0A570}.Qc|Any CPU.ActiveCfg = Qc|Any CPU
		{88B942E5-3E82-487E-AB71-08C9FCD0A570}.Qc|Any CPU.Build.0 = Qc|Any CPU
		{88B942E5-3E82-487E-AB71-08C9FCD0A570}.Release|Any CPU.ActiveCfg = Release|Any CPU
		{88B942E5-3E82-487E-AB71-08C9FCD0A570}.Release|Any CPU.Build.0 = Release|Any CPU
	EndGlobalSection
	GlobalSection(SolutionProperties) = preSolution
		HideSolutionNode = FALSE
	EndGlobalSection
	GlobalSection(NestedProjects) = preSolution
		{D9BCAC2E-642C-4695-B300-1EED9BBABECE} = {FD5188D4-4E81-420B-872A-4C534F49A94C}
		{74D28B26-B6D7-47E7-8F45-912CACB201BB} = {12C2351F-A104-4612-A312-B1FD17030DD4}
		{58C78DE2-BA93-48B3-AF8B-86F609F9C616} = {B5C0F3A1-98BA-43D0-9350-3EF2BAB57926}
		{7A055FC0-44D1-4BB4-83F7-306D460B23FD} = {7DD32C6A-6A3E-4E23-A170-409111FA1D7A}
		{67CEAA25-D238-4C60-83CB-9ED27F4776A2} = {7DD32C6A-6A3E-4E23-A170-409111FA1D7A}
		{6DFDB2E5-F0B3-4D80-92C3-9927CB1CB8E1} = {66CF898D-7D53-4BE3-A52D-8413F17C7478}
		{88B942E5-3E82-487E-AB71-08C9FCD0A570} = {12C2351F-A104-4612-A312-B1FD17030DD4}
	EndGlobalSection
	GlobalSection(ExtensibilityGlobals) = postSolution
		SolutionGuid = {0CF34E3C-A8AD-43D9-BED3-1C8D573E3934}
	EndGlobalSection
EndGlobal
