
Microsoft Visual Studio Solution File, Format Version 12.00
# Visual Studio 15
VisualStudioVersion = 15.0.27130.2027
MinimumVisualStudioVersion = 10.0.40219.1
Project("{9A19103F-16F7-4668-BE54-9A1E7A4F7556}") = "CifwCocon.NetworkInformation.Api.Dev", "CifwCocon.NetworkInformation.Api\CifwCocon.NetworkInformation.Api.Dev.csproj", "{82F62C71-A4AC-4C52-95DE-BD84AAFB99A5}"
EndProject
Project("{2150E333-8FDC-42A3-9474-1A3956D46DE8}") = "Core", "Core", "{DED49AB2-EB69-4F05-ABDA-68ABE9EB778F}"
EndProject
Project("{2150E333-8FDC-42A3-9474-1A3956D46DE8}") = "Api", "Api", "{91FB134D-C07E-4D65-A816-16C88195C4E4}"
EndProject
Project("{2150E333-8FDC-42A3-9474-1A3956D46DE8}") = "Biz", "Biz", "{E0B0E259-05AA-4CD8-AB3C-F521269813FD}"
EndProject
Project("{9A19103F-16F7-4668-BE54-9A1E7A4F7556}") = "CifwCocon.NetworkInformation.Biz.Dev", "CifwCocon.NetworkInformation.Biz\CifwCocon.NetworkInformation.Biz.Dev.csproj", "{1A461077-67EC-455E-BA30-1D2D7473144F}"
EndProject
Project("{2150E333-8FDC-42A3-9474-1A3956D46DE8}") = "Model", "Model", "{73CEE069-8B09-48D4-862C-383230C5D8EC}"
EndProject
Project("{2150E333-8FDC-42A3-9474-1A3956D46DE8}") = "Data", "Data", "{CA99520E-2224-43B7-B299-5DD6CD3CD9B9}"
EndProject
Project("{9A19103F-16F7-4668-BE54-9A1E7A4F7556}") = "CifwCocon.Service", "..\CifwCocon.Common\CifwCocon.Service\CifwCocon.Service.csproj", "{2E49FBB7-9B3B-45EC-AEC8-103439B8CC10}"
EndProject
Project("{9A19103F-16F7-4668-BE54-9A1E7A4F7556}") = "CifwCocon.Repositories", "..\CifwCocon.Common\CifwCocon.Repositories\CifwCocon.Repositories.csproj", "{D5D815D5-C1F4-4535-B536-EAEF5F8C566E}"
EndProject
Project("{9A19103F-16F7-4668-BE54-9A1E7A4F7556}") = "CifwCocon.Entities", "..\CifwCocon.Common\CifwCocon.Dal\CifwCocon.Entities.csproj", "{061687A4-8A0B-4B91-BB48-A3A6331381C3}"
EndProject
Project("{9A19103F-16F7-4668-BE54-9A1E7A4F7556}") = "CifwCocon.NetworkInformation.Bo.Dev", "..\CifwCocon.Common\CifwCocon.NetworkInformation.Bo\CifwCocon.NetworkInformation.Bo.Dev.csproj", "{4A63D5C4-36E7-4E85-97EF-350AD3C4A340}"
EndProject
Project("{2150E333-8FDC-42A3-9474-1A3956D46DE8}") = "Job", "Job", "{81EB0B0D-8213-404C-A93D-A5B46875C9CA}"
EndProject
Project("{9A19103F-16F7-4668-BE54-9A1E7A4F7556}") = "WritePatchJob.Dev", "CifwCocon.Job\WritePatchJob.Dev.csproj", "{78570B58-24CB-40CA-AAF1-B4DE9F2C9F5B}"
EndProject
Project("{9A19103F-16F7-4668-BE54-9A1E7A4F7556}") = "CifwCocon.ImportAddress.Dev", "CifwCocon.ImportAddress\CifwCocon.ImportAddress.Dev.csproj", "{E17A1F4C-0F10-4FE2-8A37-91577E6164F4}"
EndProject
Project("{9A19103F-16F7-4668-BE54-9A1E7A4F7556}") = "CifwCocon.ImportBiz.Dev", "CifwCocon.ImportBiz\CifwCocon.ImportBiz.Dev.csproj", "{66266C3A-C91E-4A11-81FB-387BB52B643E}"
EndProject
Project("{9A19103F-16F7-4668-BE54-9A1E7A4F7556}") = "CifwCocon.ImportRepo", "CifwCocon.ImportRepo\CifwCocon.ImportRepo.csproj", "{873B3D1B-8AB1-487B-A8BC-5BB78C1ED3AB}"
EndProject
Project("{9A19103F-16F7-4668-BE54-9A1E7A4F7556}") = "CifwCocon.ImportUnitTest.Dev", "CifwCocon.ImportUnitTest\CifwCocon.ImportUnitTest.Dev.csproj", "{A675C8D2-899C-487D-A557-4391FD23D0A5}"
EndProject
Project("{9A19103F-16F7-4668-BE54-9A1E7A4F7556}") = "CifwCocon.Billing.Dev", "CifwCocon.Billing\CifwCocon.Billing.Dev.csproj", "{4FE929E0-4D21-4BFF-8D83-506835866B70}"
EndProject
Project("{9A19103F-16F7-4668-BE54-9A1E7A4F7556}") = "Cifw.EventBus", "..\CifwCocon.Common\Cifw.EventBus\Cifw.EventBus\Cifw.EventBus.csproj", "{5F6609D2-774E-49F1-95B8-2AD8008472B9}"
EndProject
Project("{9A19103F-16F7-4668-BE54-9A1E7A4F7556}") = "Cifw.Mapper.Dev", "..\CifwCocon.Common\Cifw.Mapper\Cifw.Mapper\Cifw.Mapper.Dev.csproj", "{733C0CB5-C637-4A6E-9A26-5CC67014B81C}"
EndProject
Project("{9A19103F-16F7-4668-BE54-9A1E7A4F7556}") = "Cifw.Core", "..\CifwCocon.Common\Cifw.Core\Cifw.Core.csproj", "{17D70108-66B4-4EF7-B0E4-C6A6BE5E1269}"
EndProject
Project("{9A19103F-16F7-4668-BE54-9A1E7A4F7556}") = "CifwCocon.Utility.Dev", "..\CifwCocon.Common\CifwCocon.Utility\CifwCocon.Utility.Dev.csproj", "{153A6ABA-82C1-447B-BDB7-209920B016C1}"
EndProject
Global
	GlobalSection(SolutionConfigurationPlatforms) = preSolution
		Debug|Any CPU = Debug|Any CPU
		Development|Any CPU = Development|Any CPU
		Qc|Any CPU = Qc|Any CPU
		Release|Any CPU = Release|Any CPU
	EndGlobalSection
	GlobalSection(ProjectConfigurationPlatforms) = postSolution
		{82F62C71-A4AC-4C52-95DE-BD84AAFB99A5}.Debug|Any CPU.ActiveCfg = Debug|Any CPU
		{82F62C71-A4AC-4C52-95DE-BD84AAFB99A5}.Debug|Any CPU.Build.0 = Debug|Any CPU
		{82F62C71-A4AC-4C52-95DE-BD84AAFB99A5}.Development|Any CPU.ActiveCfg = Debug|Any CPU
		{82F62C71-A4AC-4C52-95DE-BD84AAFB99A5}.Development|Any CPU.Build.0 = Debug|Any CPU
		{82F62C71-A4AC-4C52-95DE-BD84AAFB99A5}.Qc|Any CPU.ActiveCfg = Release|Any CPU
		{82F62C71-A4AC-4C52-95DE-BD84AAFB99A5}.Qc|Any CPU.Build.0 = Release|Any CPU
		{82F62C71-A4AC-4C52-95DE-BD84AAFB99A5}.Release|Any CPU.ActiveCfg = Release|Any CPU
		{82F62C71-A4AC-4C52-95DE-BD84AAFB99A5}.Release|Any CPU.Build.0 = Release|Any CPU
		{1A461077-67EC-455E-BA30-1D2D7473144F}.Debug|Any CPU.ActiveCfg = Debug|Any CPU
		{1A461077-67EC-455E-BA30-1D2D7473144F}.Debug|Any CPU.Build.0 = Debug|Any CPU
		{1A461077-67EC-455E-BA30-1D2D7473144F}.Development|Any CPU.ActiveCfg = Debug|Any CPU
		{1A461077-67EC-455E-BA30-1D2D7473144F}.Development|Any CPU.Build.0 = Debug|Any CPU
		{1A461077-67EC-455E-BA30-1D2D7473144F}.Qc|Any CPU.ActiveCfg = Release|Any CPU
		{1A461077-67EC-455E-BA30-1D2D7473144F}.Qc|Any CPU.Build.0 = Release|Any CPU
		{1A461077-67EC-455E-BA30-1D2D7473144F}.Release|Any CPU.ActiveCfg = Release|Any CPU
		{1A461077-67EC-455E-BA30-1D2D7473144F}.Release|Any CPU.Build.0 = Release|Any CPU
		{2E49FBB7-9B3B-45EC-AEC8-103439B8CC10}.Debug|Any CPU.ActiveCfg = Debug|Any CPU
		{2E49FBB7-9B3B-45EC-AEC8-103439B8CC10}.Debug|Any CPU.Build.0 = Debug|Any CPU
		{2E49FBB7-9B3B-45EC-AEC8-103439B8CC10}.Development|Any CPU.ActiveCfg = Debug|Any CPU
		{2E49FBB7-9B3B-45EC-AEC8-103439B8CC10}.Development|Any CPU.Build.0 = Debug|Any CPU
		{2E49FBB7-9B3B-45EC-AEC8-103439B8CC10}.Qc|Any CPU.ActiveCfg = Release|Any CPU
		{2E49FBB7-9B3B-45EC-AEC8-103439B8CC10}.Qc|Any CPU.Build.0 = Release|Any CPU
		{2E49FBB7-9B3B-45EC-AEC8-103439B8CC10}.Release|Any CPU.ActiveCfg = Release|Any CPU
		{2E49FBB7-9B3B-45EC-AEC8-103439B8CC10}.Release|Any CPU.Build.0 = Release|Any CPU
		{D5D815D5-C1F4-4535-B536-EAEF5F8C566E}.Debug|Any CPU.ActiveCfg = Debug|Any CPU
		{D5D815D5-C1F4-4535-B536-EAEF5F8C566E}.Debug|Any CPU.Build.0 = Debug|Any CPU
		{D5D815D5-C1F4-4535-B536-EAEF5F8C566E}.Development|Any CPU.ActiveCfg = Debug|Any CPU
		{D5D815D5-C1F4-4535-B536-EAEF5F8C566E}.Development|Any CPU.Build.0 = Debug|Any CPU
		{D5D815D5-C1F4-4535-B536-EAEF5F8C566E}.Qc|Any CPU.ActiveCfg = Release|Any CPU
		{D5D815D5-C1F4-4535-B536-EAEF5F8C566E}.Qc|Any CPU.Build.0 = Release|Any CPU
		{D5D815D5-C1F4-4535-B536-EAEF5F8C566E}.Release|Any CPU.ActiveCfg = Release|Any CPU
		{D5D815D5-C1F4-4535-B536-EAEF5F8C566E}.Release|Any CPU.Build.0 = Release|Any CPU
		{061687A4-8A0B-4B91-BB48-A3A6331381C3}.Debug|Any CPU.ActiveCfg = Debug|Any CPU
		{061687A4-8A0B-4B91-BB48-A3A6331381C3}.Debug|Any CPU.Build.0 = Debug|Any CPU
		{061687A4-8A0B-4B91-BB48-A3A6331381C3}.Development|Any CPU.ActiveCfg = Debug|Any CPU
		{061687A4-8A0B-4B91-BB48-A3A6331381C3}.Development|Any CPU.Build.0 = Debug|Any CPU
		{061687A4-8A0B-4B91-BB48-A3A6331381C3}.Qc|Any CPU.ActiveCfg = Release|Any CPU
		{061687A4-8A0B-4B91-BB48-A3A6331381C3}.Qc|Any CPU.Build.0 = Release|Any CPU
		{061687A4-8A0B-4B91-BB48-A3A6331381C3}.Release|Any CPU.ActiveCfg = Release|Any CPU
		{061687A4-8A0B-4B91-BB48-A3A6331381C3}.Release|Any CPU.Build.0 = Release|Any CPU
		{4A63D5C4-36E7-4E85-97EF-350AD3C4A340}.Debug|Any CPU.ActiveCfg = Debug|Any CPU
		{4A63D5C4-36E7-4E85-97EF-350AD3C4A340}.Debug|Any CPU.Build.0 = Debug|Any CPU
		{4A63D5C4-36E7-4E85-97EF-350AD3C4A340}.Development|Any CPU.ActiveCfg = Debug|Any CPU
		{4A63D5C4-36E7-4E85-97EF-350AD3C4A340}.Development|Any CPU.Build.0 = Debug|Any CPU
		{4A63D5C4-36E7-4E85-97EF-350AD3C4A340}.Qc|Any CPU.ActiveCfg = Release|Any CPU
		{4A63D5C4-36E7-4E85-97EF-350AD3C4A340}.Qc|Any CPU.Build.0 = Release|Any CPU
		{4A63D5C4-36E7-4E85-97EF-350AD3C4A340}.Release|Any CPU.ActiveCfg = Release|Any CPU
		{4A63D5C4-36E7-4E85-97EF-350AD3C4A340}.Release|Any CPU.Build.0 = Release|Any CPU
		{78570B58-24CB-40CA-AAF1-B4DE9F2C9F5B}.Debug|Any CPU.ActiveCfg = Debug|Any CPU
		{78570B58-24CB-40CA-AAF1-B4DE9F2C9F5B}.Debug|Any CPU.Build.0 = Debug|Any CPU
		{78570B58-24CB-40CA-AAF1-B4DE9F2C9F5B}.Development|Any CPU.ActiveCfg = Debug|Any CPU
		{78570B58-24CB-40CA-AAF1-B4DE9F2C9F5B}.Development|Any CPU.Build.0 = Debug|Any CPU
		{78570B58-24CB-40CA-AAF1-B4DE9F2C9F5B}.Qc|Any CPU.ActiveCfg = Release|Any CPU
		{78570B58-24CB-40CA-AAF1-B4DE9F2C9F5B}.Qc|Any CPU.Build.0 = Release|Any CPU
		{78570B58-24CB-40CA-AAF1-B4DE9F2C9F5B}.Release|Any CPU.ActiveCfg = Release|Any CPU
		{78570B58-24CB-40CA-AAF1-B4DE9F2C9F5B}.Release|Any CPU.Build.0 = Release|Any CPU
		{E17A1F4C-0F10-4FE2-8A37-91577E6164F4}.Debug|Any CPU.ActiveCfg = Debug|Any CPU
		{E17A1F4C-0F10-4FE2-8A37-91577E6164F4}.Debug|Any CPU.Build.0 = Debug|Any CPU
		{E17A1F4C-0F10-4FE2-8A37-91577E6164F4}.Development|Any CPU.ActiveCfg = Development|Any CPU
		{E17A1F4C-0F10-4FE2-8A37-91577E6164F4}.Development|Any CPU.Build.0 = Development|Any CPU
		{E17A1F4C-0F10-4FE2-8A37-91577E6164F4}.Qc|Any CPU.ActiveCfg = Development|Any CPU
		{E17A1F4C-0F10-4FE2-8A37-91577E6164F4}.Qc|Any CPU.Build.0 = Development|Any CPU
		{E17A1F4C-0F10-4FE2-8A37-91577E6164F4}.Release|Any CPU.ActiveCfg = Development|Any CPU
		{E17A1F4C-0F10-4FE2-8A37-91577E6164F4}.Release|Any CPU.Build.0 = Development|Any CPU
		{66266C3A-C91E-4A11-81FB-387BB52B643E}.Debug|Any CPU.ActiveCfg = Debug|Any CPU
		{66266C3A-C91E-4A11-81FB-387BB52B643E}.Debug|Any CPU.Build.0 = Debug|Any CPU
		{66266C3A-C91E-4A11-81FB-387BB52B643E}.Development|Any CPU.ActiveCfg = Debug|Any CPU
		{66266C3A-C91E-4A11-81FB-387BB52B643E}.Development|Any CPU.Build.0 = Debug|Any CPU
		{66266C3A-C91E-4A11-81FB-387BB52B643E}.Qc|Any CPU.ActiveCfg = Release|Any CPU
		{66266C3A-C91E-4A11-81FB-387BB52B643E}.Qc|Any CPU.Build.0 = Release|Any CPU
		{66266C3A-C91E-4A11-81FB-387BB52B643E}.Release|Any CPU.ActiveCfg = Release|Any CPU
		{66266C3A-C91E-4A11-81FB-387BB52B643E}.Release|Any CPU.Build.0 = Release|Any CPU
		{873B3D1B-8AB1-487B-A8BC-5BB78C1ED3AB}.Debug|Any CPU.ActiveCfg = Debug|Any CPU
		{873B3D1B-8AB1-487B-A8BC-5BB78C1ED3AB}.Debug|Any CPU.Build.0 = Debug|Any CPU
		{873B3D1B-8AB1-487B-A8BC-5BB78C1ED3AB}.Development|Any CPU.ActiveCfg = Debug|Any CPU
		{873B3D1B-8AB1-487B-A8BC-5BB78C1ED3AB}.Development|Any CPU.Build.0 = Debug|Any CPU
		{873B3D1B-8AB1-487B-A8BC-5BB78C1ED3AB}.Qc|Any CPU.ActiveCfg = Release|Any CPU
		{873B3D1B-8AB1-487B-A8BC-5BB78C1ED3AB}.Qc|Any CPU.Build.0 = Release|Any CPU
		{873B3D1B-8AB1-487B-A8BC-5BB78C1ED3AB}.Release|Any CPU.ActiveCfg = Release|Any CPU
		{873B3D1B-8AB1-487B-A8BC-5BB78C1ED3AB}.Release|Any CPU.Build.0 = Release|Any CPU
		{A675C8D2-899C-487D-A557-4391FD23D0A5}.Debug|Any CPU.ActiveCfg = Debug|Any CPU
		{A675C8D2-899C-487D-A557-4391FD23D0A5}.Debug|Any CPU.Build.0 = Debug|Any CPU
		{A675C8D2-899C-487D-A557-4391FD23D0A5}.Development|Any CPU.ActiveCfg = Debug|Any CPU
		{A675C8D2-899C-487D-A557-4391FD23D0A5}.Development|Any CPU.Build.0 = Debug|Any CPU
		{A675C8D2-899C-487D-A557-4391FD23D0A5}.Qc|Any CPU.ActiveCfg = Release|Any CPU
		{A675C8D2-899C-487D-A557-4391FD23D0A5}.Qc|Any CPU.Build.0 = Release|Any CPU
		{A675C8D2-899C-487D-A557-4391FD23D0A5}.Release|Any CPU.ActiveCfg = Release|Any CPU
		{A675C8D2-899C-487D-A557-4391FD23D0A5}.Release|Any CPU.Build.0 = Release|Any CPU
		{4FE929E0-4D21-4BFF-8D83-506835866B70}.Debug|Any CPU.ActiveCfg = Debug|Any CPU
		{4FE929E0-4D21-4BFF-8D83-506835866B70}.Debug|Any CPU.Build.0 = Debug|Any CPU
		{4FE929E0-4D21-4BFF-8D83-506835866B70}.Development|Any CPU.ActiveCfg = Debug|Any CPU
		{4FE929E0-4D21-4BFF-8D83-506835866B70}.Development|Any CPU.Build.0 = Debug|Any CPU
		{4FE929E0-4D21-4BFF-8D83-506835866B70}.Qc|Any CPU.ActiveCfg = Release|Any CPU
		{4FE929E0-4D21-4BFF-8D83-506835866B70}.Qc|Any CPU.Build.0 = Release|Any CPU
		{4FE929E0-4D21-4BFF-8D83-506835866B70}.Release|Any CPU.ActiveCfg = Release|Any CPU
		{4FE929E0-4D21-4BFF-8D83-506835866B70}.Release|Any CPU.Build.0 = Release|Any CPU
		{5F6609D2-774E-49F1-95B8-2AD8008472B9}.Debug|Any CPU.ActiveCfg = Debug|Any CPU
		{5F6609D2-774E-49F1-95B8-2AD8008472B9}.Debug|Any CPU.Build.0 = Debug|Any CPU
		{5F6609D2-774E-49F1-95B8-2AD8008472B9}.Development|Any CPU.ActiveCfg = Debug|Any CPU
		{5F6609D2-774E-49F1-95B8-2AD8008472B9}.Development|Any CPU.Build.0 = Debug|Any CPU
		{5F6609D2-774E-49F1-95B8-2AD8008472B9}.Qc|Any CPU.ActiveCfg = Debug|Any CPU
		{5F6609D2-774E-49F1-95B8-2AD8008472B9}.Qc|Any CPU.Build.0 = Debug|Any CPU
		{5F6609D2-774E-49F1-95B8-2AD8008472B9}.Release|Any CPU.ActiveCfg = Release|Any CPU
		{5F6609D2-774E-49F1-95B8-2AD8008472B9}.Release|Any CPU.Build.0 = Release|Any CPU
		{733C0CB5-C637-4A6E-9A26-5CC67014B81C}.Debug|Any CPU.ActiveCfg = Debug|Any CPU
		{733C0CB5-C637-4A6E-9A26-5CC67014B81C}.Debug|Any CPU.Build.0 = Debug|Any CPU
		{733C0CB5-C637-4A6E-9A26-5CC67014B81C}.Development|Any CPU.ActiveCfg = Debug|Any CPU
		{733C0CB5-C637-4A6E-9A26-5CC67014B81C}.Development|Any CPU.Build.0 = Debug|Any CPU
		{733C0CB5-C637-4A6E-9A26-5CC67014B81C}.Qc|Any CPU.ActiveCfg = Debug|Any CPU
		{733C0CB5-C637-4A6E-9A26-5CC67014B81C}.Qc|Any CPU.Build.0 = Debug|Any CPU
		{733C0CB5-C637-4A6E-9A26-5CC67014B81C}.Release|Any CPU.ActiveCfg = Release|Any CPU
		{733C0CB5-C637-4A6E-9A26-5CC67014B81C}.Release|Any CPU.Build.0 = Release|Any CPU
		{17D70108-66B4-4EF7-B0E4-C6A6BE5E1269}.Debug|Any CPU.ActiveCfg = Debug|Any CPU
		{17D70108-66B4-4EF7-B0E4-C6A6BE5E1269}.Debug|Any CPU.Build.0 = Debug|Any CPU
		{17D70108-66B4-4EF7-B0E4-C6A6BE5E1269}.Development|Any CPU.ActiveCfg = Debug|Any CPU
		{17D70108-66B4-4EF7-B0E4-C6A6BE5E1269}.Development|Any CPU.Build.0 = Debug|Any CPU
		{17D70108-66B4-4EF7-B0E4-C6A6BE5E1269}.Qc|Any CPU.ActiveCfg = Qc|Any CPU
		{17D70108-66B4-4EF7-B0E4-C6A6BE5E1269}.Qc|Any CPU.Build.0 = Qc|Any CPU
		{17D70108-66B4-4EF7-B0E4-C6A6BE5E1269}.Release|Any CPU.ActiveCfg = Release|Any CPU
		{17D70108-66B4-4EF7-B0E4-C6A6BE5E1269}.Release|Any CPU.Build.0 = Release|Any CPU
		{153A6ABA-82C1-447B-BDB7-209920B016C1}.Debug|Any CPU.ActiveCfg = Debug|Any CPU
		{153A6ABA-82C1-447B-BDB7-209920B016C1}.Debug|Any CPU.Build.0 = Debug|Any CPU
		{153A6ABA-82C1-447B-BDB7-209920B016C1}.Development|Any CPU.ActiveCfg = Debug|Any CPU
		{153A6ABA-82C1-447B-BDB7-209920B016C1}.Development|Any CPU.Build.0 = Debug|Any CPU
		{153A6ABA-82C1-447B-BDB7-209920B016C1}.Qc|Any CPU.ActiveCfg = Qc|Any CPU
		{153A6ABA-82C1-447B-BDB7-209920B016C1}.Qc|Any CPU.Build.0 = Qc|Any CPU
		{153A6ABA-82C1-447B-BDB7-209920B016C1}.Release|Any CPU.ActiveCfg = Release|Any CPU
		{153A6ABA-82C1-447B-BDB7-209920B016C1}.Release|Any CPU.Build.0 = Release|Any CPU
	EndGlobalSection
	GlobalSection(SolutionProperties) = preSolution
		HideSolutionNode = FALSE
	EndGlobalSection
	GlobalSection(NestedProjects) = preSolution
		{82F62C71-A4AC-4C52-95DE-BD84AAFB99A5} = {91FB134D-C07E-4D65-A816-16C88195C4E4}
		{1A461077-67EC-455E-BA30-1D2D7473144F} = {E0B0E259-05AA-4CD8-AB3C-F521269813FD}
		{2E49FBB7-9B3B-45EC-AEC8-103439B8CC10} = {DED49AB2-EB69-4F05-ABDA-68ABE9EB778F}
		{D5D815D5-C1F4-4535-B536-EAEF5F8C566E} = {CA99520E-2224-43B7-B299-5DD6CD3CD9B9}
		{061687A4-8A0B-4B91-BB48-A3A6331381C3} = {CA99520E-2224-43B7-B299-5DD6CD3CD9B9}
		{4A63D5C4-36E7-4E85-97EF-350AD3C4A340} = {73CEE069-8B09-48D4-862C-383230C5D8EC}
		{78570B58-24CB-40CA-AAF1-B4DE9F2C9F5B} = {81EB0B0D-8213-404C-A93D-A5B46875C9CA}
		{E17A1F4C-0F10-4FE2-8A37-91577E6164F4} = {81EB0B0D-8213-404C-A93D-A5B46875C9CA}
		{66266C3A-C91E-4A11-81FB-387BB52B643E} = {81EB0B0D-8213-404C-A93D-A5B46875C9CA}
		{873B3D1B-8AB1-487B-A8BC-5BB78C1ED3AB} = {81EB0B0D-8213-404C-A93D-A5B46875C9CA}
		{A675C8D2-899C-487D-A557-4391FD23D0A5} = {81EB0B0D-8213-404C-A93D-A5B46875C9CA}
		{4FE929E0-4D21-4BFF-8D83-506835866B70} = {81EB0B0D-8213-404C-A93D-A5B46875C9CA}
		{5F6609D2-774E-49F1-95B8-2AD8008472B9} = {DED49AB2-EB69-4F05-ABDA-68ABE9EB778F}
		{733C0CB5-C637-4A6E-9A26-5CC67014B81C} = {DED49AB2-EB69-4F05-ABDA-68ABE9EB778F}
		{17D70108-66B4-4EF7-B0E4-C6A6BE5E1269} = {DED49AB2-EB69-4F05-ABDA-68ABE9EB778F}
		{153A6ABA-82C1-447B-BDB7-209920B016C1} = {DED49AB2-EB69-4F05-ABDA-68ABE9EB778F}
	EndGlobalSection
	GlobalSection(ExtensibilityGlobals) = postSolution
		SolutionGuid = {2FCB2631-7014-42FE-A8EB-D76B1CB74B8D}
	EndGlobalSection
EndGlobal
