
Microsoft Visual Studio Solution File, Format Version 12.00
# Visual Studio 15
VisualStudioVersion = 15.0.28307.421
MinimumVisualStudioVersion = 10.0.40219.1
Project("{9A19103F-16F7-4668-BE54-9A1E7A4F7556}") = "ExportProject", "ExportProject\ExportProject.csproj", "{38CD0C52-D53D-4085-9876-DB01A9AE598A}"
EndProject
Project("{9A19103F-16F7-4668-BE54-9A1E7A4F7556}") = "Entites", "Entites\Entites.csproj", "{A9FC699E-EAB6-4D63-972F-11A6B5CCB33F}"
EndProject
Project("{9A19103F-16F7-4668-BE54-9A1E7A4F7556}") = "DomainModel", "DomainModel\DomainModel.csproj", "{F75D6C12-022A-4A5D-A41D-69972B89FBD9}"
EndProject
Project("{2150E333-8FDC-42A3-9474-1A3956D46DE8}") = "SaveFile", "SaveFile", "{122C2CB7-43EC-4021-AC1F-D73AECB7A692}"
EndProject
Project("{FAE04EC0-301F-11D3-BF4B-00C04F79EFBC}") = "Servicess", "Servicess\Servicess.csproj", "{DDADD3F4-DA3B-4A8A-B336-048583CEE4E3}"
EndProject
Project("{FAE04EC0-301F-11D3-BF4B-00C04F79EFBC}") = "UOW", "UOW\UOW.csproj", "{4973DCBA-6A87-4D8C-BF74-9F76182D02A4}"
EndProject
Global
	GlobalSection(SolutionConfigurationPlatforms) = preSolution
		Debug|Any CPU = Debug|Any CPU
		Release|Any CPU = Release|Any CPU
	EndGlobalSection
	GlobalSection(ProjectConfigurationPlatforms) = postSolution
		{38CD0C52-D53D-4085-9876-DB01A9AE598A}.Debug|Any CPU.ActiveCfg = Debug|Any CPU
		{38CD0C52-D53D-4085-9876-DB01A9AE598A}.Debug|Any CPU.Build.0 = Debug|Any CPU
		{38CD0C52-D53D-4085-9876-DB01A9AE598A}.Release|Any CPU.ActiveCfg = Release|Any CPU
		{38CD0C52-D53D-4085-9876-DB01A9AE598A}.Release|Any CPU.Build.0 = Release|Any CPU
		{A9FC699E-EAB6-4D63-972F-11A6B5CCB33F}.Debug|Any CPU.ActiveCfg = Debug|Any CPU
		{A9FC699E-EAB6-4D63-972F-11A6B5CCB33F}.Debug|Any CPU.Build.0 = Debug|Any CPU
		{A9FC699E-EAB6-4D63-972F-11A6B5CCB33F}.Release|Any CPU.ActiveCfg = Release|Any CPU
		{A9FC699E-EAB6-4D63-972F-11A6B5CCB33F}.Release|Any CPU.Build.0 = Release|Any CPU
		{F75D6C12-022A-4A5D-A41D-69972B89FBD9}.Debug|Any CPU.ActiveCfg = Debug|Any CPU
		{F75D6C12-022A-4A5D-A41D-69972B89FBD9}.Debug|Any CPU.Build.0 = Debug|Any CPU
		{F75D6C12-022A-4A5D-A41D-69972B89FBD9}.Release|Any CPU.ActiveCfg = Release|Any CPU
		{F75D6C12-022A-4A5D-A41D-69972B89FBD9}.Release|Any CPU.Build.0 = Release|Any CPU
		{DDADD3F4-DA3B-4A8A-B336-048583CEE4E3}.Debug|Any CPU.ActiveCfg = Debug|Any CPU
		{DDADD3F4-DA3B-4A8A-B336-048583CEE4E3}.Debug|Any CPU.Build.0 = Debug|Any CPU
		{DDADD3F4-DA3B-4A8A-B336-048583CEE4E3}.Release|Any CPU.ActiveCfg = Release|Any CPU
		{DDADD3F4-DA3B-4A8A-B336-048583CEE4E3}.Release|Any CPU.Build.0 = Release|Any CPU
		{4973DCBA-6A87-4D8C-BF74-9F76182D02A4}.Debug|Any CPU.ActiveCfg = Debug|Any CPU
		{4973DCBA-6A87-4D8C-BF74-9F76182D02A4}.Debug|Any CPU.Build.0 = Debug|Any CPU
		{4973DCBA-6A87-4D8C-BF74-9F76182D02A4}.Release|Any CPU.ActiveCfg = Release|Any CPU
		{4973DCBA-6A87-4D8C-BF74-9F76182D02A4}.Release|Any CPU.Build.0 = Release|Any CPU
	EndGlobalSection
	GlobalSection(SolutionProperties) = preSolution
		HideSolutionNode = FALSE
	EndGlobalSection
	GlobalSection(ExtensibilityGlobals) = postSolution
		SolutionGuid = {6DB18335-F854-4884-9AB9-76A2EFFE06F1}
	EndGlobalSection
EndGlobal
